
Microsoft Visual Studio Solution File, Format Version 12.00
# Visual Studio Version 17
VisualStudioVersion = 17.4.33213.308
MinimumVisualStudioVersion = 10.0.40219.1
Project("{FAE04EC0-301F-11D3-BF4B-00C04F79EFBC}") = "Third Laba", "Third Laba\Third Laba.csproj", "{2BD7DD1B-EFB8-4DE0-A0BE-BED4FE39A96F}"
EndProject
Global
	GlobalSection(SolutionConfigurationPlatforms) = preSolution
		Debug|Any CPU = Debug|Any CPU
		Release|Any CPU = Release|Any CPU
	EndGlobalSection
	GlobalSection(ProjectConfigurationPlatforms) = postSolution
		{2BD7DD1B-EFB8-4DE0-A0BE-BED4FE39A96F}.Debug|Any CPU.ActiveCfg = Debug|Any CPU
		{2BD7DD1B-EFB8-4DE0-A0BE-BED4FE39A96F}.Debug|Any CPU.Build.0 = Debug|Any CPU
		{2BD7DD1B-EFB8-4DE0-A0BE-BED4FE39A96F}.Release|Any CPU.ActiveCfg = Release|Any CPU
		{2BD7DD1B-EFB8-4DE0-A0BE-BED4FE39A96F}.Release|Any CPU.Build.0 = Release|Any CPU
	EndGlobalSection
	GlobalSection(SolutionProperties) = preSolution
		HideSolutionNode = FALSE
	EndGlobalSection
	GlobalSection(ExtensibilityGlobals) = postSolution
		SolutionGuid = {BF5F9D52-A9DA-4200-99AC-1A3F579077EC}
	EndGlobalSection
EndGlobal
