
Microsoft Visual Studio Solution File, Format Version 12.00
# Visual Studio Version 17
VisualStudioVersion = 17.4.33213.308
MinimumVisualStudioVersion = 10.0.40219.1
Project("{FAE04EC0-301F-11D3-BF4B-00C04F79EFBC}") = "Fourth Laba", "Fourth Laba.csproj", "{55AE5760-8FE5-426D-A781-2EF7BE756248}"
EndProject
Global
	GlobalSection(SolutionConfigurationPlatforms) = preSolution
		Debug|Any CPU = Debug|Any CPU
		Release|Any CPU = Release|Any CPU
	EndGlobalSection
	GlobalSection(ProjectConfigurationPlatforms) = postSolution
		{55AE5760-8FE5-426D-A781-2EF7BE756248}.Debug|Any CPU.ActiveCfg = Debug|Any CPU
		{55AE5760-8FE5-426D-A781-2EF7BE756248}.Debug|Any CPU.Build.0 = Debug|Any CPU
		{55AE5760-8FE5-426D-A781-2EF7BE756248}.Release|Any CPU.ActiveCfg = Release|Any CPU
		{55AE5760-8FE5-426D-A781-2EF7BE756248}.Release|Any CPU.Build.0 = Release|Any CPU
	EndGlobalSection
	GlobalSection(SolutionProperties) = preSolution
		HideSolutionNode = FALSE
	EndGlobalSection
	GlobalSection(ExtensibilityGlobals) = postSolution
		SolutionGuid = {994E14EA-4B27-4FCB-997C-08A694EDB7CA}
	EndGlobalSection
EndGlobal
